
Microsoft Visual Studio Solution File, Format Version 12.00
# Visual Studio Version 17
VisualStudioVersion = 17.3.32825.248
MinimumVisualStudioVersion = 10.0.40219.1
Project("{FAE04EC0-301F-11D3-BF4B-00C04F79EFBC}") = "SimpleBankAPI", "SimpleBankAPI\SimpleBankAPI.csproj", "{B21791FB-0131-4809-8413-08DF82C6C4D1}"
EndProject
Global
	GlobalSection(SolutionConfigurationPlatforms) = preSolution
		Debug|Any CPU = Debug|Any CPU
		Release|Any CPU = Release|Any CPU
	EndGlobalSection
	GlobalSection(ProjectConfigurationPlatforms) = postSolution
		{B21791FB-0131-4809-8413-08DF82C6C4D1}.Debug|Any CPU.ActiveCfg = Debug|Any CPU
		{B21791FB-0131-4809-8413-08DF82C6C4D1}.Debug|Any CPU.Build.0 = Debug|Any CPU
		{B21791FB-0131-4809-8413-08DF82C6C4D1}.Release|Any CPU.ActiveCfg = Release|Any CPU
		{B21791FB-0131-4809-8413-08DF82C6C4D1}.Release|Any CPU.Build.0 = Release|Any CPU
	EndGlobalSection
	GlobalSection(SolutionProperties) = preSolution
		HideSolutionNode = FALSE
	EndGlobalSection
	GlobalSection(ExtensibilityGlobals) = postSolution
		SolutionGuid = {B7CE54B0-08B9-49D5-BCB5-5BE811E25913}
	EndGlobalSection
EndGlobal
